
Microsoft Visual Studio Solution File, Format Version 12.00
# Visual Studio Version 17
VisualStudioVersion = 17.11.35303.130
MinimumVisualStudioVersion = 10.0.40219.1
Project("{FAE04EC0-301F-11D3-BF4B-00C04F79EFBC}") = "PaymentAPI", "PaymentAPI\PaymentAPI.csproj", "{46E6DB03-042F-4E04-A71D-47A4ACBF5F8E}"
EndProject
Global
	GlobalSection(SolutionConfigurationPlatforms) = preSolution
		Debug|Any CPU = Debug|Any CPU
		Release|Any CPU = Release|Any CPU
	EndGlobalSection
	GlobalSection(ProjectConfigurationPlatforms) = postSolution
		{46E6DB03-042F-4E04-A71D-47A4ACBF5F8E}.Debug|Any CPU.ActiveCfg = Debug|Any CPU
		{46E6DB03-042F-4E04-A71D-47A4ACBF5F8E}.Debug|Any CPU.Build.0 = Debug|Any CPU
		{46E6DB03-042F-4E04-A71D-47A4ACBF5F8E}.Release|Any CPU.ActiveCfg = Release|Any CPU
		{46E6DB03-042F-4E04-A71D-47A4ACBF5F8E}.Release|Any CPU.Build.0 = Release|Any CPU
	EndGlobalSection
	GlobalSection(SolutionProperties) = preSolution
		HideSolutionNode = FALSE
	EndGlobalSection
	GlobalSection(ExtensibilityGlobals) = postSolution
		SolutionGuid = {8FB1129A-F4B6-44E7-88F7-85E34E92C565}
	EndGlobalSection
EndGlobal
